
Microsoft Visual Studio Solution File, Format Version 12.00
# Visual Studio 14
VisualStudioVersion = 14.0.25420.1
MinimumVisualStudioVersion = 10.0.40219.1
Project("{FAE04EC0-301F-11D3-BF4B-00C04F79EFBC}") = "Separator", "WindowsFormsApp1\Separator.csproj", "{43CE5CB9-C733-4065-8B1C-CC511C4A1BEE}"
EndProject
Global
	GlobalSection(SolutionConfigurationPlatforms) = preSolution
		Debug|Any CPU = Debug|Any CPU
		Release|Any CPU = Release|Any CPU
	EndGlobalSection
	GlobalSection(ProjectConfigurationPlatforms) = postSolution
		{43CE5CB9-C733-4065-8B1C-CC511C4A1BEE}.Debug|Any CPU.ActiveCfg = Debug|Any CPU
		{43CE5CB9-C733-4065-8B1C-CC511C4A1BEE}.Debug|Any CPU.Build.0 = Debug|Any CPU
		{43CE5CB9-C733-4065-8B1C-CC511C4A1BEE}.Release|Any CPU.ActiveCfg = Release|Any CPU
		{43CE5CB9-C733-4065-8B1C-CC511C4A1BEE}.Release|Any CPU.Build.0 = Release|Any CPU
	EndGlobalSection
	GlobalSection(SolutionProperties) = preSolution
		HideSolutionNode = FALSE
	EndGlobalSection
	GlobalSection(ExtensibilityGlobals) = postSolution
		SolutionGuid = {B31D2C00-7112-44F1-8508-78B2AA26DCA7}
	EndGlobalSection
EndGlobal
